
Microsoft Visual Studio Solution File, Format Version 12.00
# Visual Studio 15
VisualStudioVersion = 15.0.28010.2036
MinimumVisualStudioVersion = 10.0.40219.1
Project("{FAE04EC0-301F-11D3-BF4B-00C04F79EFBC}") = "MaljawXartrere", "MaljawXartrere\MaljawXartrere.csproj", "{9178EAE8-5FE0-4BD9-97CF-353789C28B7B}"
EndProject
Global
	GlobalSection(SolutionConfigurationPlatforms) = preSolution
		Debug|ARM = Debug|ARM
		Debug|x64 = Debug|x64
		Debug|x86 = Debug|x86
		Release|ARM = Release|ARM
		Release|x64 = Release|x64
		Release|x86 = Release|x86
	EndGlobalSection
	GlobalSection(ProjectConfigurationPlatforms) = postSolution
		{9178EAE8-5FE0-4BD9-97CF-353789C28B7B}.Debug|ARM.ActiveCfg = Debug|ARM
		{9178EAE8-5FE0-4BD9-97CF-353789C28B7B}.Debug|ARM.Build.0 = Debug|ARM
		{9178EAE8-5FE0-4BD9-97CF-353789C28B7B}.Debug|ARM.Deploy.0 = Debug|ARM
		{9178EAE8-5FE0-4BD9-97CF-353789C28B7B}.Debug|x64.ActiveCfg = Debug|x64
		{9178EAE8-5FE0-4BD9-97CF-353789C28B7B}.Debug|x64.Build.0 = Debug|x64
		{9178EAE8-5FE0-4BD9-97CF-353789C28B7B}.Debug|x64.Deploy.0 = Debug|x64
		{9178EAE8-5FE0-4BD9-97CF-353789C28B7B}.Debug|x86.ActiveCfg = Debug|x86
		{9178EAE8-5FE0-4BD9-97CF-353789C28B7B}.Debug|x86.Build.0 = Debug|x86
		{9178EAE8-5FE0-4BD9-97CF-353789C28B7B}.Debug|x86.Deploy.0 = Debug|x86
		{9178EAE8-5FE0-4BD9-97CF-353789C28B7B}.Release|ARM.ActiveCfg = Release|ARM
		{9178EAE8-5FE0-4BD9-97CF-353789C28B7B}.Release|ARM.Build.0 = Release|ARM
		{9178EAE8-5FE0-4BD9-97CF-353789C28B7B}.Release|ARM.Deploy.0 = Release|ARM
		{9178EAE8-5FE0-4BD9-97CF-353789C28B7B}.Release|x64.ActiveCfg = Release|x64
		{9178EAE8-5FE0-4BD9-97CF-353789C28B7B}.Release|x64.Build.0 = Release|x64
		{9178EAE8-5FE0-4BD9-97CF-353789C28B7B}.Release|x64.Deploy.0 = Release|x64
		{9178EAE8-5FE0-4BD9-97CF-353789C28B7B}.Release|x86.ActiveCfg = Release|x86
		{9178EAE8-5FE0-4BD9-97CF-353789C28B7B}.Release|x86.Build.0 = Release|x86
		{9178EAE8-5FE0-4BD9-97CF-353789C28B7B}.Release|x86.Deploy.0 = Release|x86
	EndGlobalSection
	GlobalSection(SolutionProperties) = preSolution
		HideSolutionNode = FALSE
	EndGlobalSection
	GlobalSection(ExtensibilityGlobals) = postSolution
		SolutionGuid = {31872BAB-81F5-4686-932F-D6B3E444292C}
	EndGlobalSection
EndGlobal
