
Microsoft Visual Studio Solution File, Format Version 12.00
# Visual Studio 14
VisualStudioVersion = 14.0.25420.1
MinimumVisualStudioVersion = 10.0.40219.1
Project("{FAE04EC0-301F-11D3-BF4B-00C04F79EFBC}") = "cloundes", "cloundes\cloundes.csproj", "{398F7C9C-9140-4136-81D9-6F2A18BE8F33}"
EndProject
Project("{FAE04EC0-301F-11D3-BF4B-00C04F79EFBC}") = "BitStamp", "..\..\..\control\BitStamp\BitStamp\BitStamp.csproj", "{B80A0B27-7BE2-4A4B-A456-37B973690C55}"
EndProject
Global
	GlobalSection(SolutionConfigurationPlatforms) = preSolution
		Debug|ARM = Debug|ARM
		Debug|x64 = Debug|x64
		Debug|x86 = Debug|x86
		Release|ARM = Release|ARM
		Release|x64 = Release|x64
		Release|x86 = Release|x86
	EndGlobalSection
	GlobalSection(ProjectConfigurationPlatforms) = postSolution
		{398F7C9C-9140-4136-81D9-6F2A18BE8F33}.Debug|ARM.ActiveCfg = Debug|ARM
		{398F7C9C-9140-4136-81D9-6F2A18BE8F33}.Debug|ARM.Build.0 = Debug|ARM
		{398F7C9C-9140-4136-81D9-6F2A18BE8F33}.Debug|ARM.Deploy.0 = Debug|ARM
		{398F7C9C-9140-4136-81D9-6F2A18BE8F33}.Debug|x64.ActiveCfg = Debug|x64
		{398F7C9C-9140-4136-81D9-6F2A18BE8F33}.Debug|x64.Build.0 = Debug|x64
		{398F7C9C-9140-4136-81D9-6F2A18BE8F33}.Debug|x64.Deploy.0 = Debug|x64
		{398F7C9C-9140-4136-81D9-6F2A18BE8F33}.Debug|x86.ActiveCfg = Debug|x86
		{398F7C9C-9140-4136-81D9-6F2A18BE8F33}.Debug|x86.Build.0 = Debug|x86
		{398F7C9C-9140-4136-81D9-6F2A18BE8F33}.Debug|x86.Deploy.0 = Debug|x86
		{398F7C9C-9140-4136-81D9-6F2A18BE8F33}.Release|ARM.ActiveCfg = Release|ARM
		{398F7C9C-9140-4136-81D9-6F2A18BE8F33}.Release|ARM.Build.0 = Release|ARM
		{398F7C9C-9140-4136-81D9-6F2A18BE8F33}.Release|ARM.Deploy.0 = Release|ARM
		{398F7C9C-9140-4136-81D9-6F2A18BE8F33}.Release|x64.ActiveCfg = Release|x64
		{398F7C9C-9140-4136-81D9-6F2A18BE8F33}.Release|x64.Build.0 = Release|x64
		{398F7C9C-9140-4136-81D9-6F2A18BE8F33}.Release|x64.Deploy.0 = Release|x64
		{398F7C9C-9140-4136-81D9-6F2A18BE8F33}.Release|x86.ActiveCfg = Release|x86
		{398F7C9C-9140-4136-81D9-6F2A18BE8F33}.Release|x86.Build.0 = Release|x86
		{398F7C9C-9140-4136-81D9-6F2A18BE8F33}.Release|x86.Deploy.0 = Release|x86
		{B80A0B27-7BE2-4A4B-A456-37B973690C55}.Debug|ARM.ActiveCfg = Debug|ARM
		{B80A0B27-7BE2-4A4B-A456-37B973690C55}.Debug|ARM.Build.0 = Debug|ARM
		{B80A0B27-7BE2-4A4B-A456-37B973690C55}.Debug|ARM.Deploy.0 = Debug|ARM
		{B80A0B27-7BE2-4A4B-A456-37B973690C55}.Debug|x64.ActiveCfg = Debug|x64
		{B80A0B27-7BE2-4A4B-A456-37B973690C55}.Debug|x64.Build.0 = Debug|x64
		{B80A0B27-7BE2-4A4B-A456-37B973690C55}.Debug|x64.Deploy.0 = Debug|x64
		{B80A0B27-7BE2-4A4B-A456-37B973690C55}.Debug|x86.ActiveCfg = Debug|x86
		{B80A0B27-7BE2-4A4B-A456-37B973690C55}.Debug|x86.Build.0 = Debug|x86
		{B80A0B27-7BE2-4A4B-A456-37B973690C55}.Debug|x86.Deploy.0 = Debug|x86
		{B80A0B27-7BE2-4A4B-A456-37B973690C55}.Release|ARM.ActiveCfg = Release|ARM
		{B80A0B27-7BE2-4A4B-A456-37B973690C55}.Release|ARM.Build.0 = Release|ARM
		{B80A0B27-7BE2-4A4B-A456-37B973690C55}.Release|ARM.Deploy.0 = Release|ARM
		{B80A0B27-7BE2-4A4B-A456-37B973690C55}.Release|x64.ActiveCfg = Release|x64
		{B80A0B27-7BE2-4A4B-A456-37B973690C55}.Release|x64.Build.0 = Release|x64
		{B80A0B27-7BE2-4A4B-A456-37B973690C55}.Release|x64.Deploy.0 = Release|x64
		{B80A0B27-7BE2-4A4B-A456-37B973690C55}.Release|x86.ActiveCfg = Release|x86
		{B80A0B27-7BE2-4A4B-A456-37B973690C55}.Release|x86.Build.0 = Release|x86
		{B80A0B27-7BE2-4A4B-A456-37B973690C55}.Release|x86.Deploy.0 = Release|x86
	EndGlobalSection
	GlobalSection(SolutionProperties) = preSolution
		HideSolutionNode = FALSE
	EndGlobalSection
EndGlobal
