
Microsoft Visual Studio Solution File, Format Version 12.00
# Visual Studio 15
VisualStudioVersion = 15.0.26403.7
MinimumVisualStudioVersion = 10.0.40219.1
Project("{FAE04EC0-301F-11D3-BF4B-00C04F79EFBC}") = "Wyatt", "Wyatt\Wyatt.csproj", "{7357D8FB-DB4D-4FC2-93E2-79A0A7917189}"
EndProject
Project("{FAE04EC0-301F-11D3-BF4B-00C04F79EFBC}") = "Framework", "Framework\Framework.csproj", "{5EC3E94B-4994-4EE4-BD2B-D817889CB861}"
EndProject
Project("{FAE04EC0-301F-11D3-BF4B-00C04F79EFBC}") = "wpfMill", "Framework\wpfMill.csproj", "{1EE1A0E7-A2A5-4E5F-A9DD-2C5CEFA8E040}"
EndProject
Global
	GlobalSection(SolutionConfigurationPlatforms) = preSolution
		Debug|Any CPU = Debug|Any CPU
		Debug|ARM = Debug|ARM
		Debug|x64 = Debug|x64
		Debug|x86 = Debug|x86
		Release|Any CPU = Release|Any CPU
		Release|ARM = Release|ARM
		Release|x64 = Release|x64
		Release|x86 = Release|x86
	EndGlobalSection
	GlobalSection(ProjectConfigurationPlatforms) = postSolution
		{7357D8FB-DB4D-4FC2-93E2-79A0A7917189}.Debug|Any CPU.ActiveCfg = Debug|x86
		{7357D8FB-DB4D-4FC2-93E2-79A0A7917189}.Debug|ARM.ActiveCfg = Debug|ARM
		{7357D8FB-DB4D-4FC2-93E2-79A0A7917189}.Debug|ARM.Build.0 = Debug|ARM
		{7357D8FB-DB4D-4FC2-93E2-79A0A7917189}.Debug|ARM.Deploy.0 = Debug|ARM
		{7357D8FB-DB4D-4FC2-93E2-79A0A7917189}.Debug|x64.ActiveCfg = Debug|x64
		{7357D8FB-DB4D-4FC2-93E2-79A0A7917189}.Debug|x64.Build.0 = Debug|x64
		{7357D8FB-DB4D-4FC2-93E2-79A0A7917189}.Debug|x64.Deploy.0 = Debug|x64
		{7357D8FB-DB4D-4FC2-93E2-79A0A7917189}.Debug|x86.ActiveCfg = Debug|x86
		{7357D8FB-DB4D-4FC2-93E2-79A0A7917189}.Debug|x86.Build.0 = Debug|x86
		{7357D8FB-DB4D-4FC2-93E2-79A0A7917189}.Debug|x86.Deploy.0 = Debug|x86
		{7357D8FB-DB4D-4FC2-93E2-79A0A7917189}.Release|Any CPU.ActiveCfg = Release|x86
		{7357D8FB-DB4D-4FC2-93E2-79A0A7917189}.Release|ARM.ActiveCfg = Release|ARM
		{7357D8FB-DB4D-4FC2-93E2-79A0A7917189}.Release|ARM.Build.0 = Release|ARM
		{7357D8FB-DB4D-4FC2-93E2-79A0A7917189}.Release|ARM.Deploy.0 = Release|ARM
		{7357D8FB-DB4D-4FC2-93E2-79A0A7917189}.Release|x64.ActiveCfg = Release|x64
		{7357D8FB-DB4D-4FC2-93E2-79A0A7917189}.Release|x64.Build.0 = Release|x64
		{7357D8FB-DB4D-4FC2-93E2-79A0A7917189}.Release|x64.Deploy.0 = Release|x64
		{7357D8FB-DB4D-4FC2-93E2-79A0A7917189}.Release|x86.ActiveCfg = Release|x86
		{7357D8FB-DB4D-4FC2-93E2-79A0A7917189}.Release|x86.Build.0 = Release|x86
		{7357D8FB-DB4D-4FC2-93E2-79A0A7917189}.Release|x86.Deploy.0 = Release|x86
		{5EC3E94B-4994-4EE4-BD2B-D817889CB861}.Debug|Any CPU.ActiveCfg = Debug|Any CPU
		{5EC3E94B-4994-4EE4-BD2B-D817889CB861}.Debug|Any CPU.Build.0 = Debug|Any CPU
		{5EC3E94B-4994-4EE4-BD2B-D817889CB861}.Debug|ARM.ActiveCfg = Debug|ARM
		{5EC3E94B-4994-4EE4-BD2B-D817889CB861}.Debug|ARM.Build.0 = Debug|ARM
		{5EC3E94B-4994-4EE4-BD2B-D817889CB861}.Debug|x64.ActiveCfg = Debug|x64
		{5EC3E94B-4994-4EE4-BD2B-D817889CB861}.Debug|x64.Build.0 = Debug|x64
		{5EC3E94B-4994-4EE4-BD2B-D817889CB861}.Debug|x86.ActiveCfg = Debug|x86
		{5EC3E94B-4994-4EE4-BD2B-D817889CB861}.Debug|x86.Build.0 = Debug|x86
		{5EC3E94B-4994-4EE4-BD2B-D817889CB861}.Release|Any CPU.ActiveCfg = Release|Any CPU
		{5EC3E94B-4994-4EE4-BD2B-D817889CB861}.Release|Any CPU.Build.0 = Release|Any CPU
		{5EC3E94B-4994-4EE4-BD2B-D817889CB861}.Release|ARM.ActiveCfg = Release|ARM
		{5EC3E94B-4994-4EE4-BD2B-D817889CB861}.Release|ARM.Build.0 = Release|ARM
		{5EC3E94B-4994-4EE4-BD2B-D817889CB861}.Release|x64.ActiveCfg = Release|x64
		{5EC3E94B-4994-4EE4-BD2B-D817889CB861}.Release|x64.Build.0 = Release|x64
		{5EC3E94B-4994-4EE4-BD2B-D817889CB861}.Release|x86.ActiveCfg = Release|x86
		{5EC3E94B-4994-4EE4-BD2B-D817889CB861}.Release|x86.Build.0 = Release|x86
		{1EE1A0E7-A2A5-4E5F-A9DD-2C5CEFA8E040}.Debug|Any CPU.ActiveCfg = Debug|Any CPU
		{1EE1A0E7-A2A5-4E5F-A9DD-2C5CEFA8E040}.Debug|Any CPU.Build.0 = Debug|Any CPU
		{1EE1A0E7-A2A5-4E5F-A9DD-2C5CEFA8E040}.Debug|ARM.ActiveCfg = Debug|Any CPU
		{1EE1A0E7-A2A5-4E5F-A9DD-2C5CEFA8E040}.Debug|ARM.Build.0 = Debug|Any CPU
		{1EE1A0E7-A2A5-4E5F-A9DD-2C5CEFA8E040}.Debug|x64.ActiveCfg = Debug|Any CPU
		{1EE1A0E7-A2A5-4E5F-A9DD-2C5CEFA8E040}.Debug|x64.Build.0 = Debug|Any CPU
		{1EE1A0E7-A2A5-4E5F-A9DD-2C5CEFA8E040}.Debug|x86.ActiveCfg = Debug|Any CPU
		{1EE1A0E7-A2A5-4E5F-A9DD-2C5CEFA8E040}.Debug|x86.Build.0 = Debug|Any CPU
		{1EE1A0E7-A2A5-4E5F-A9DD-2C5CEFA8E040}.Release|Any CPU.ActiveCfg = Release|Any CPU
		{1EE1A0E7-A2A5-4E5F-A9DD-2C5CEFA8E040}.Release|Any CPU.Build.0 = Release|Any CPU
		{1EE1A0E7-A2A5-4E5F-A9DD-2C5CEFA8E040}.Release|ARM.ActiveCfg = Release|Any CPU
		{1EE1A0E7-A2A5-4E5F-A9DD-2C5CEFA8E040}.Release|ARM.Build.0 = Release|Any CPU
		{1EE1A0E7-A2A5-4E5F-A9DD-2C5CEFA8E040}.Release|x64.ActiveCfg = Release|Any CPU
		{1EE1A0E7-A2A5-4E5F-A9DD-2C5CEFA8E040}.Release|x64.Build.0 = Release|Any CPU
		{1EE1A0E7-A2A5-4E5F-A9DD-2C5CEFA8E040}.Release|x86.ActiveCfg = Release|Any CPU
		{1EE1A0E7-A2A5-4E5F-A9DD-2C5CEFA8E040}.Release|x86.Build.0 = Release|Any CPU
	EndGlobalSection
	GlobalSection(SolutionProperties) = preSolution
		HideSolutionNode = FALSE
	EndGlobalSection
EndGlobal
