
Microsoft Visual Studio Solution File, Format Version 12.00
# Visual Studio 15
VisualStudioVersion = 15.0.26430.13
MinimumVisualStudioVersion = 10.0.40219.1
Project("{FAE04EC0-301F-11D3-BF4B-00C04F79EFBC}") = "Dclutterpalan", "Dclutterpalan\Dclutterpalan.csproj", "{DDD036DE-2740-4D42-941B-32E02594D4B7}"
EndProject
Global
	GlobalSection(SolutionConfigurationPlatforms) = preSolution
		Debug|ARM = Debug|ARM
		Debug|x64 = Debug|x64
		Debug|x86 = Debug|x86
		Release|ARM = Release|ARM
		Release|x64 = Release|x64
		Release|x86 = Release|x86
	EndGlobalSection
	GlobalSection(ProjectConfigurationPlatforms) = postSolution
		{DDD036DE-2740-4D42-941B-32E02594D4B7}.Debug|ARM.ActiveCfg = Debug|ARM
		{DDD036DE-2740-4D42-941B-32E02594D4B7}.Debug|ARM.Build.0 = Debug|ARM
		{DDD036DE-2740-4D42-941B-32E02594D4B7}.Debug|ARM.Deploy.0 = Debug|ARM
		{DDD036DE-2740-4D42-941B-32E02594D4B7}.Debug|x64.ActiveCfg = Debug|x64
		{DDD036DE-2740-4D42-941B-32E02594D4B7}.Debug|x64.Build.0 = Debug|x64
		{DDD036DE-2740-4D42-941B-32E02594D4B7}.Debug|x64.Deploy.0 = Debug|x64
		{DDD036DE-2740-4D42-941B-32E02594D4B7}.Debug|x86.ActiveCfg = Debug|x86
		{DDD036DE-2740-4D42-941B-32E02594D4B7}.Debug|x86.Build.0 = Debug|x86
		{DDD036DE-2740-4D42-941B-32E02594D4B7}.Debug|x86.Deploy.0 = Debug|x86
		{DDD036DE-2740-4D42-941B-32E02594D4B7}.Release|ARM.ActiveCfg = Release|ARM
		{DDD036DE-2740-4D42-941B-32E02594D4B7}.Release|ARM.Build.0 = Release|ARM
		{DDD036DE-2740-4D42-941B-32E02594D4B7}.Release|ARM.Deploy.0 = Release|ARM
		{DDD036DE-2740-4D42-941B-32E02594D4B7}.Release|x64.ActiveCfg = Release|x64
		{DDD036DE-2740-4D42-941B-32E02594D4B7}.Release|x64.Build.0 = Release|x64
		{DDD036DE-2740-4D42-941B-32E02594D4B7}.Release|x64.Deploy.0 = Release|x64
		{DDD036DE-2740-4D42-941B-32E02594D4B7}.Release|x86.ActiveCfg = Release|x86
		{DDD036DE-2740-4D42-941B-32E02594D4B7}.Release|x86.Build.0 = Release|x86
		{DDD036DE-2740-4D42-941B-32E02594D4B7}.Release|x86.Deploy.0 = Release|x86
	EndGlobalSection
	GlobalSection(SolutionProperties) = preSolution
		HideSolutionNode = FALSE
	EndGlobalSection
EndGlobal
