<Solution>
  <Folder Name="/Solution Items/">
    <File Path="README.md" />
  </Folder>
  <Folder Name="/src/">
    <Project Path="src/CBus.Host/CBus.Host.csproj" />
    <Project Path="src/CBus/CBus.csproj" />
    <Project Path="tests/CBus.Tests/CBus.Tests.csproj" />
  </Folder>
  <Project Path="docs/Docs.csproj">
    <BuildType Project="Debug" />
    <Platform Project="x86" />
  </Project>
</Solution>
