
Microsoft Visual Studio Solution File, Format Version 12.00
# Visual Studio Version 17
VisualStudioVersion = 17.0.31903.59
MinimumVisualStudioVersion = 10.0.40219.1
Project("{FAE04EC0-301F-11D3-BF4B-00C04F79EFBC}") = "Core", "Core\Core.csproj", "{F1E5BC9E-0822-4012-A91D-E4D483D638CE}"
EndProject
Project("{FAE04EC0-301F-11D3-BF4B-00C04F79EFBC}") = "WpfHelp", "WpfHelp\WpfHelp.csproj", "{581B74CB-EC73-41AA-8283-3FC036A6BFEF}"
EndProject
Global
	GlobalSection(SolutionConfigurationPlatforms) = preSolution
		Debug|Any CPU = Debug|Any CPU
		Release|Any CPU = Release|Any CPU
	EndGlobalSection
	GlobalSection(SolutionProperties) = preSolution
		HideSolutionNode = FALSE
	EndGlobalSection
	GlobalSection(ProjectConfigurationPlatforms) = postSolution
		{F1E5BC9E-0822-4012-A91D-E4D483D638CE}.Debug|Any CPU.ActiveCfg = Debug|Any CPU
		{F1E5BC9E-0822-4012-A91D-E4D483D638CE}.Debug|Any CPU.Build.0 = Debug|Any CPU
		{F1E5BC9E-0822-4012-A91D-E4D483D638CE}.Release|Any CPU.ActiveCfg = Release|Any CPU
		{F1E5BC9E-0822-4012-A91D-E4D483D638CE}.Release|Any CPU.Build.0 = Release|Any CPU
		{581B74CB-EC73-41AA-8283-3FC036A6BFEF}.Debug|Any CPU.ActiveCfg = Debug|Any CPU
		{581B74CB-EC73-41AA-8283-3FC036A6BFEF}.Debug|Any CPU.Build.0 = Debug|Any CPU
		{581B74CB-EC73-41AA-8283-3FC036A6BFEF}.Release|Any CPU.ActiveCfg = Release|Any CPU
		{581B74CB-EC73-41AA-8283-3FC036A6BFEF}.Release|Any CPU.Build.0 = Release|Any CPU
	EndGlobalSection
EndGlobal
